
Microsoft Visual Studio Solution File, Format Version 12.00
# Visual Studio Version 16
VisualStudioVersion = 16.0.29418.71
MinimumVisualStudioVersion = 10.0.40219.1
Project("{FAE04EC0-301F-11D3-BF4B-00C04F79EFBC}") = "FlexmodulBackendV2", "FlexmodulBackendV2\FlexmodulBackendV2.csproj", "{F06D431D-DD51-462D-90D8-FA450B4FEDEE}"
EndProject
Global
	GlobalSection(SolutionConfigurationPlatforms) = preSolution
		Debug|Any CPU = Debug|Any CPU
		Release|Any CPU = Release|Any CPU
	EndGlobalSection
	GlobalSection(ProjectConfigurationPlatforms) = postSolution
		{F06D431D-DD51-462D-90D8-FA450B4FEDEE}.Debug|Any CPU.ActiveCfg = Debug|Any CPU
		{F06D431D-DD51-462D-90D8-FA450B4FEDEE}.Debug|Any CPU.Build.0 = Debug|Any CPU
		{F06D431D-DD51-462D-90D8-FA450B4FEDEE}.Release|Any CPU.ActiveCfg = Release|Any CPU
		{F06D431D-DD51-462D-90D8-FA450B4FEDEE}.Release|Any CPU.Build.0 = Release|Any CPU
	EndGlobalSection
	GlobalSection(SolutionProperties) = preSolution
		HideSolutionNode = FALSE
	EndGlobalSection
	GlobalSection(ExtensibilityGlobals) = postSolution
		SolutionGuid = {C99561B0-3477-4D01-9BFB-90D37555D57E}
	EndGlobalSection
EndGlobal
