
Microsoft Visual Studio Solution File, Format Version 12.00
# Visual Studio Version 16
VisualStudioVersion = 16.0.29418.71
MinimumVisualStudioVersion = 10.0.40219.1
Project("{9A19103F-16F7-4668-BE54-9A1E7A4F7556}") = "FlexmodulBackendV2", "FlexmodulBackendV2\FlexmodulBackendV2.csproj", "{F06D431D-DD51-462D-90D8-FA450B4FEDEE}"
EndProject
Project("{9A19103F-16F7-4668-BE54-9A1E7A4F7556}") = "BackendTests", "BackendTests\BackendTests.csproj", "{8137211A-9157-4C8C-A6F8-07BBEF8DD667}"
EndProject
Global
	GlobalSection(SolutionConfigurationPlatforms) = preSolution
		Debug|Any CPU = Debug|Any CPU
		Release|Any CPU = Release|Any CPU
	EndGlobalSection
	GlobalSection(ProjectConfigurationPlatforms) = postSolution
		{F06D431D-DD51-462D-90D8-FA450B4FEDEE}.Debug|Any CPU.ActiveCfg = Debug|Any CPU
		{F06D431D-DD51-462D-90D8-FA450B4FEDEE}.Debug|Any CPU.Build.0 = Debug|Any CPU
		{F06D431D-DD51-462D-90D8-FA450B4FEDEE}.Release|Any CPU.ActiveCfg = Release|Any CPU
		{F06D431D-DD51-462D-90D8-FA450B4FEDEE}.Release|Any CPU.Build.0 = Release|Any CPU
		{8137211A-9157-4C8C-A6F8-07BBEF8DD667}.Debug|Any CPU.ActiveCfg = Debug|Any CPU
		{8137211A-9157-4C8C-A6F8-07BBEF8DD667}.Debug|Any CPU.Build.0 = Debug|Any CPU
		{8137211A-9157-4C8C-A6F8-07BBEF8DD667}.Release|Any CPU.ActiveCfg = Release|Any CPU
		{8137211A-9157-4C8C-A6F8-07BBEF8DD667}.Release|Any CPU.Build.0 = Release|Any CPU
	EndGlobalSection
	GlobalSection(SolutionProperties) = preSolution
		HideSolutionNode = FALSE
	EndGlobalSection
	GlobalSection(ExtensibilityGlobals) = postSolution
		SolutionGuid = {C99561B0-3477-4D01-9BFB-90D37555D57E}
	EndGlobalSection
EndGlobal
